
Microsoft Visual Studio Solution File, Format Version 12.00
# Visual Studio 15
VisualStudioVersion = 15.0.26730.16
MinimumVisualStudioVersion = 10.0.40219.1
Project("{9A19103F-16F7-4668-BE54-9A1E7A4F7556}") = "DateRangePrinter", "DateRangePrinter\DateRangePrinter.csproj", "{73DF861E-8585-4EA3-B18D-ADB2EF7F6466}"
EndProject
Project("{9A19103F-16F7-4668-BE54-9A1E7A4F7556}") = "DateRangePrinter.Tests", "DateRangePrinter.Tests\DateRangePrinter.Tests.csproj", "{57940040-0CE0-4ABA-8D7D-D2138366B0BA}"
EndProject
Global
	GlobalSection(SolutionConfigurationPlatforms) = preSolution
		Debug|Any CPU = Debug|Any CPU
		Release|Any CPU = Release|Any CPU
	EndGlobalSection
	GlobalSection(ProjectConfigurationPlatforms) = postSolution
		{73DF861E-8585-4EA3-B18D-ADB2EF7F6466}.Debug|Any CPU.ActiveCfg = Debug|Any CPU
		{73DF861E-8585-4EA3-B18D-ADB2EF7F6466}.Debug|Any CPU.Build.0 = Debug|Any CPU
		{73DF861E-8585-4EA3-B18D-ADB2EF7F6466}.Release|Any CPU.ActiveCfg = Release|Any CPU
		{73DF861E-8585-4EA3-B18D-ADB2EF7F6466}.Release|Any CPU.Build.0 = Release|Any CPU
		{57940040-0CE0-4ABA-8D7D-D2138366B0BA}.Debug|Any CPU.ActiveCfg = Debug|Any CPU
		{57940040-0CE0-4ABA-8D7D-D2138366B0BA}.Debug|Any CPU.Build.0 = Debug|Any CPU
		{57940040-0CE0-4ABA-8D7D-D2138366B0BA}.Release|Any CPU.ActiveCfg = Release|Any CPU
		{57940040-0CE0-4ABA-8D7D-D2138366B0BA}.Release|Any CPU.Build.0 = Release|Any CPU
	EndGlobalSection
	GlobalSection(SolutionProperties) = preSolution
		HideSolutionNode = FALSE
	EndGlobalSection
	GlobalSection(ExtensibilityGlobals) = postSolution
		SolutionGuid = {93ECF411-923E-429C-96C9-12DD8830A7A1}
	EndGlobalSection
EndGlobal
